
Microsoft Visual Studio Solution File, Format Version 12.00
# Visual Studio 2017
Project("{FAE04EC0-301F-11D3-BF4B-00C04F79EFBC}") = "Deserted", "Deserted.csproj", "{150EBDBE-F021-714A-B935-666F0425F80E}"
EndProject
Project("{FAE04EC0-301F-11D3-BF4B-00C04F79EFBC}") = "Deserted.Editor", "Deserted.Editor.csproj", "{8D4337CF-3012-7711-BC4C-91557C5A116D}"
EndProject
Global
	GlobalSection(SolutionConfigurationPlatforms) = preSolution
		Debug|Any CPU = Debug|Any CPU
		Release|Any CPU = Release|Any CPU
	EndGlobalSection
	GlobalSection(ProjectConfigurationPlatforms) = postSolution
		{150EBDBE-F021-714A-B935-666F0425F80E}.Debug|Any CPU.ActiveCfg = Debug|Any CPU
		{150EBDBE-F021-714A-B935-666F0425F80E}.Debug|Any CPU.Build.0 = Debug|Any CPU
		{150EBDBE-F021-714A-B935-666F0425F80E}.Release|Any CPU.ActiveCfg = Release|Any CPU
		{150EBDBE-F021-714A-B935-666F0425F80E}.Release|Any CPU.Build.0 = Release|Any CPU
		{8D4337CF-3012-7711-BC4C-91557C5A116D}.Debug|Any CPU.ActiveCfg = Debug|Any CPU
		{8D4337CF-3012-7711-BC4C-91557C5A116D}.Debug|Any CPU.Build.0 = Debug|Any CPU
		{8D4337CF-3012-7711-BC4C-91557C5A116D}.Release|Any CPU.ActiveCfg = Release|Any CPU
		{8D4337CF-3012-7711-BC4C-91557C5A116D}.Release|Any CPU.Build.0 = Release|Any CPU
	EndGlobalSection
	GlobalSection(SolutionProperties) = preSolution
		HideSolutionNode = FALSE
	EndGlobalSection
EndGlobal
